
Microsoft Visual Studio Solution File, Format Version 12.00
# Visual Studio 14
VisualStudioVersion = 14.0.22823.1
MinimumVisualStudioVersion = 10.0.40219.1
Project("{FAE04EC0-301F-11D3-BF4B-00C04F79EFBC}") = "SimpleBlog", "SimpleBlog\SimpleBlog.csproj", "{6F293A60-C9F1-40DC-A1AB-9F7E821935EE}"
EndProject
Global
	GlobalSection(SolutionConfigurationPlatforms) = preSolution
		Debug|Any CPU = Debug|Any CPU
		Release|Any CPU = Release|Any CPU
	EndGlobalSection
	GlobalSection(ProjectConfigurationPlatforms) = postSolution
		{6F293A60-C9F1-40DC-A1AB-9F7E821935EE}.Debug|Any CPU.ActiveCfg = Debug|Any CPU
		{6F293A60-C9F1-40DC-A1AB-9F7E821935EE}.Debug|Any CPU.Build.0 = Debug|Any CPU
		{6F293A60-C9F1-40DC-A1AB-9F7E821935EE}.Release|Any CPU.ActiveCfg = Release|Any CPU
		{6F293A60-C9F1-40DC-A1AB-9F7E821935EE}.Release|Any CPU.Build.0 = Release|Any CPU
	EndGlobalSection
	GlobalSection(SolutionProperties) = preSolution
		HideSolutionNode = FALSE
	EndGlobalSection
EndGlobal
